
Microsoft Visual Studio Solution File, Format Version 12.00
# Visual Studio Version 17
VisualStudioVersion = 17.5.33312.197
MinimumVisualStudioVersion = 10.0.40219.1
Project("{D954291E-2A0B-460D-934E-DC6B0785DB48}") = "SharedProject", "..\SharedProject\SharedProject.shproj", "{F6F11F81-3B46-41C5-818B-F050C5D4566D}"
EndProject
Project("{9A19103F-16F7-4668-BE54-9A1E7A4F7556}") = "Server", "..\Server\Server.csproj", "{3D4FFD67-A566-45A6-8732-CB8CDDEE5A00}"
EndProject
Project("{9A19103F-16F7-4668-BE54-9A1E7A4F7556}") = "Client", "..\Client\Client.csproj", "{976C3D47-79AC-4C0C-A88B-CFF1212EC5DB}"
EndProject
Project("{2150E333-8FDC-42A3-9474-1A3956D46DE8}") = "Resources", "Resources", "{36105095-F8AC-4895-9935-F614515C4130}"
	ProjectSection(SolutionItems) = preProject
		..\Assets\Background\bg.png = ..\Assets\Background\bg.png
	EndProjectSection
EndProject
Global
	GlobalSection(SolutionConfigurationPlatforms) = preSolution
		Debug|Any CPU = Debug|Any CPU
		Debug|ARM = Debug|ARM
		Debug|ARM64 = Debug|ARM64
		Debug|x64 = Debug|x64
		Debug|x86 = Debug|x86
		Release|Any CPU = Release|Any CPU
		Release|ARM = Release|ARM
		Release|ARM64 = Release|ARM64
		Release|x64 = Release|x64
		Release|x86 = Release|x86
	EndGlobalSection
	GlobalSection(ProjectConfigurationPlatforms) = postSolution
		{3D4FFD67-A566-45A6-8732-CB8CDDEE5A00}.Debug|Any CPU.ActiveCfg = Debug|Any CPU
		{3D4FFD67-A566-45A6-8732-CB8CDDEE5A00}.Debug|Any CPU.Build.0 = Debug|Any CPU
		{3D4FFD67-A566-45A6-8732-CB8CDDEE5A00}.Debug|ARM.ActiveCfg = Debug|Any CPU
		{3D4FFD67-A566-45A6-8732-CB8CDDEE5A00}.Debug|ARM.Build.0 = Debug|Any CPU
		{3D4FFD67-A566-45A6-8732-CB8CDDEE5A00}.Debug|ARM64.ActiveCfg = Debug|Any CPU
		{3D4FFD67-A566-45A6-8732-CB8CDDEE5A00}.Debug|ARM64.Build.0 = Debug|Any CPU
		{3D4FFD67-A566-45A6-8732-CB8CDDEE5A00}.Debug|x64.ActiveCfg = Debug|Any CPU
		{3D4FFD67-A566-45A6-8732-CB8CDDEE5A00}.Debug|x64.Build.0 = Debug|Any CPU
		{3D4FFD67-A566-45A6-8732-CB8CDDEE5A00}.Debug|x86.ActiveCfg = Debug|Any CPU
		{3D4FFD67-A566-45A6-8732-CB8CDDEE5A00}.Debug|x86.Build.0 = Debug|Any CPU
		{3D4FFD67-A566-45A6-8732-CB8CDDEE5A00}.Release|Any CPU.ActiveCfg = Release|Any CPU
		{3D4FFD67-A566-45A6-8732-CB8CDDEE5A00}.Release|Any CPU.Build.0 = Release|Any CPU
		{3D4FFD67-A566-45A6-8732-CB8CDDEE5A00}.Release|ARM.ActiveCfg = Release|Any CPU
		{3D4FFD67-A566-45A6-8732-CB8CDDEE5A00}.Release|ARM.Build.0 = Release|Any CPU
		{3D4FFD67-A566-45A6-8732-CB8CDDEE5A00}.Release|ARM64.ActiveCfg = Release|Any CPU
		{3D4FFD67-A566-45A6-8732-CB8CDDEE5A00}.Release|ARM64.Build.0 = Release|Any CPU
		{3D4FFD67-A566-45A6-8732-CB8CDDEE5A00}.Release|x64.ActiveCfg = Release|Any CPU
		{3D4FFD67-A566-45A6-8732-CB8CDDEE5A00}.Release|x64.Build.0 = Release|Any CPU
		{3D4FFD67-A566-45A6-8732-CB8CDDEE5A00}.Release|x86.ActiveCfg = Release|Any CPU
		{3D4FFD67-A566-45A6-8732-CB8CDDEE5A00}.Release|x86.Build.0 = Release|Any CPU
		{976C3D47-79AC-4C0C-A88B-CFF1212EC5DB}.Debug|Any CPU.ActiveCfg = Debug|Any CPU
		{976C3D47-79AC-4C0C-A88B-CFF1212EC5DB}.Debug|Any CPU.Build.0 = Debug|Any CPU
		{976C3D47-79AC-4C0C-A88B-CFF1212EC5DB}.Debug|ARM.ActiveCfg = Debug|Any CPU
		{976C3D47-79AC-4C0C-A88B-CFF1212EC5DB}.Debug|ARM.Build.0 = Debug|Any CPU
		{976C3D47-79AC-4C0C-A88B-CFF1212EC5DB}.Debug|ARM64.ActiveCfg = Debug|Any CPU
		{976C3D47-79AC-4C0C-A88B-CFF1212EC5DB}.Debug|ARM64.Build.0 = Debug|Any CPU
		{976C3D47-79AC-4C0C-A88B-CFF1212EC5DB}.Debug|x64.ActiveCfg = Debug|Any CPU
		{976C3D47-79AC-4C0C-A88B-CFF1212EC5DB}.Debug|x64.Build.0 = Debug|Any CPU
		{976C3D47-79AC-4C0C-A88B-CFF1212EC5DB}.Debug|x86.ActiveCfg = Debug|Any CPU
		{976C3D47-79AC-4C0C-A88B-CFF1212EC5DB}.Debug|x86.Build.0 = Debug|Any CPU
		{976C3D47-79AC-4C0C-A88B-CFF1212EC5DB}.Release|Any CPU.ActiveCfg = Release|Any CPU
		{976C3D47-79AC-4C0C-A88B-CFF1212EC5DB}.Release|Any CPU.Build.0 = Release|Any CPU
		{976C3D47-79AC-4C0C-A88B-CFF1212EC5DB}.Release|ARM.ActiveCfg = Release|Any CPU
		{976C3D47-79AC-4C0C-A88B-CFF1212EC5DB}.Release|ARM.Build.0 = Release|Any CPU
		{976C3D47-79AC-4C0C-A88B-CFF1212EC5DB}.Release|ARM64.ActiveCfg = Release|Any CPU
		{976C3D47-79AC-4C0C-A88B-CFF1212EC5DB}.Release|ARM64.Build.0 = Release|Any CPU
		{976C3D47-79AC-4C0C-A88B-CFF1212EC5DB}.Release|x64.ActiveCfg = Release|Any CPU
		{976C3D47-79AC-4C0C-A88B-CFF1212EC5DB}.Release|x64.Build.0 = Release|Any CPU
		{976C3D47-79AC-4C0C-A88B-CFF1212EC5DB}.Release|x86.ActiveCfg = Release|Any CPU
		{976C3D47-79AC-4C0C-A88B-CFF1212EC5DB}.Release|x86.Build.0 = Release|Any CPU
	EndGlobalSection
	GlobalSection(SolutionProperties) = preSolution
		HideSolutionNode = FALSE
	EndGlobalSection
	GlobalSection(ExtensibilityGlobals) = postSolution
		SolutionGuid = {315379F1-4810-4146-813F-FFA6797909C9}
	EndGlobalSection
	GlobalSection(SharedMSBuildProjectFiles) = preSolution
		..\SharedProject\SharedProject.projitems*{3d4ffd67-a566-45a6-8732-cb8cddee5a00}*SharedItemsImports = 5
		..\SharedProject\SharedProject.projitems*{976c3d47-79ac-4c0c-a88b-cff1212ec5db}*SharedItemsImports = 5
		..\SharedProject\SharedProject.projitems*{f6f11f81-3b46-41c5-818b-f050c5d4566d}*SharedItemsImports = 13
	EndGlobalSection
EndGlobal
